
Microsoft Visual Studio Solution File, Format Version 12.00
# Visual Studio Version 17
VisualStudioVersion = 17.7.34031.279
MinimumVisualStudioVersion = 10.0.40219.1
Project("{9A19103F-16F7-4668-BE54-9A1E7A4F7556}") = "assignment1", "assignment1\assignment1.csproj", "{927FF23C-FA50-4665-9A43-7AC7051F727C}"
EndProject
Project("{9A19103F-16F7-4668-BE54-9A1E7A4F7556}") = "Assignment2", "..\..\Conway-student\Assignment2.csproj", "{EDAB8313-2AC1-4AD7-997F-19EC6BDC17A4}"
EndProject
Project("{9A19103F-16F7-4668-BE54-9A1E7A4F7556}") = "assignment3", "assignment3\assignment3.csproj", "{B2B900D3-6976-4F7C-ABE0-EDC24A726FFF}"
EndProject
Global
	GlobalSection(SolutionConfigurationPlatforms) = preSolution
		Debug|Any CPU = Debug|Any CPU
		Release|Any CPU = Release|Any CPU
	EndGlobalSection
	GlobalSection(ProjectConfigurationPlatforms) = postSolution
		{927FF23C-FA50-4665-9A43-7AC7051F727C}.Debug|Any CPU.ActiveCfg = Debug|Any CPU
		{927FF23C-FA50-4665-9A43-7AC7051F727C}.Debug|Any CPU.Build.0 = Debug|Any CPU
		{927FF23C-FA50-4665-9A43-7AC7051F727C}.Release|Any CPU.ActiveCfg = Release|Any CPU
		{927FF23C-FA50-4665-9A43-7AC7051F727C}.Release|Any CPU.Build.0 = Release|Any CPU
		{EDAB8313-2AC1-4AD7-997F-19EC6BDC17A4}.Debug|Any CPU.ActiveCfg = Debug|Any CPU
		{EDAB8313-2AC1-4AD7-997F-19EC6BDC17A4}.Debug|Any CPU.Build.0 = Debug|Any CPU
		{EDAB8313-2AC1-4AD7-997F-19EC6BDC17A4}.Release|Any CPU.ActiveCfg = Release|Any CPU
		{EDAB8313-2AC1-4AD7-997F-19EC6BDC17A4}.Release|Any CPU.Build.0 = Release|Any CPU
		{B2B900D3-6976-4F7C-ABE0-EDC24A726FFF}.Debug|Any CPU.ActiveCfg = Debug|Any CPU
		{B2B900D3-6976-4F7C-ABE0-EDC24A726FFF}.Debug|Any CPU.Build.0 = Debug|Any CPU
		{B2B900D3-6976-4F7C-ABE0-EDC24A726FFF}.Release|Any CPU.ActiveCfg = Release|Any CPU
		{B2B900D3-6976-4F7C-ABE0-EDC24A726FFF}.Release|Any CPU.Build.0 = Release|Any CPU
	EndGlobalSection
	GlobalSection(SolutionProperties) = preSolution
		HideSolutionNode = FALSE
	EndGlobalSection
	GlobalSection(ExtensibilityGlobals) = postSolution
		SolutionGuid = {5607DF14-6AA1-476D-B21B-EB61D41779A4}
	EndGlobalSection
EndGlobal
